
Microsoft Visual Studio Solution File, Format Version 12.00
# Visual Studio 2013
VisualStudioVersion = 12.0.31101.0
MinimumVisualStudioVersion = 10.0.40219.1
Project("{2150E333-8FDC-42A3-9474-1A3956D46DE8}") = "0 - Apresentacao", "0 - Apresentacao", "{3E328788-C6A8-462A-A5AA-28E4137DAD2D}"
EndProject
Project("{2150E333-8FDC-42A3-9474-1A3956D46DE8}") = "1 - Servicos", "1 - Servicos", "{13D05849-FC14-49C9-BCDE-79D5D34202BA}"
EndProject
Project("{2150E333-8FDC-42A3-9474-1A3956D46DE8}") = "2 - Aplicacao", "2 - Aplicacao", "{78CCE5AA-C856-4BAB-AB9B-EFCDA4ED878C}"
EndProject
Project("{2150E333-8FDC-42A3-9474-1A3956D46DE8}") = "3 - Domínio", "3 - Domínio", "{154CBE17-FEEA-46B7-943A-7320B8179BB3}"
EndProject
Project("{2150E333-8FDC-42A3-9474-1A3956D46DE8}") = "4 - Infraestrutura", "4 - Infraestrutura", "{F3D90C69-3C0F-4A0A-86EF-1D0C3067CB2D}"
EndProject
Project("{2150E333-8FDC-42A3-9474-1A3956D46DE8}") = "4.1 - Dados", "4.1 - Dados", "{79F3084A-12E5-419F-8439-BA214D2A3AD4}"
EndProject
Project("{FAE04EC0-301F-11D3-BF4B-00C04F79EFBC}") = "Projeto.Restaurante.MVC", "Projeto.Restaurante.MVC\Projeto.Restaurante.MVC.csproj", "{95AE45A1-96C2-4447-A0BB-65C90E63D0AC}"
EndProject
Project("{FAE04EC0-301F-11D3-BF4B-00C04F79EFBC}") = "Projeto.Restaurante.Dominio", "Projeto.Restaurante.Dominio\Projeto.Restaurante.Dominio.csproj", "{A88038B0-3A55-4B84-90B2-2163BA20CE96}"
EndProject
Project("{FAE04EC0-301F-11D3-BF4B-00C04F79EFBC}") = "Projeto.Restaurante.Infraestrutura.Dados", "Projeto.Restaurante.Infraestrutura.Dados\Projeto.Restaurante.Infraestrutura.Dados.csproj", "{FCB0F099-0C7A-4C36-A836-8B6C88665078}"
EndProject
Project("{FAE04EC0-301F-11D3-BF4B-00C04F79EFBC}") = "Projeto.Restaurante.Aplicacao", "Projeto.Restaurante.Aplicacao\Projeto.Restaurante.Aplicacao.csproj", "{C01BCE4F-82CE-48AC-92FA-C3550B553DDE}"
EndProject
Project("{2150E333-8FDC-42A3-9474-1A3956D46DE8}") = "5 - Testes", "5 - Testes", "{37FF8191-9B6C-4911-81FF-A47F7DCEB037}"
EndProject
Project("{FAE04EC0-301F-11D3-BF4B-00C04F79EFBC}") = "Projeto.Restaurante.Servicos.WebApi", "Projeto.Restaurante.Servicos.WebApi\Projeto.Restaurante.Servicos.WebApi.csproj", "{65BB952D-2A4E-4FBE-8DD3-36B55B1014F0}"
EndProject
Project("{FAE04EC0-301F-11D3-BF4B-00C04F79EFBC}") = "Projeto.Restaurante.UT", "Projeto.Restaurante.UT\Projeto.Restaurante.UT.csproj", "{58ABC2E3-29AC-41B8-9120-90F4EE1118CA}"
EndProject
Global
	GlobalSection(SolutionConfigurationPlatforms) = preSolution
		Debug|Any CPU = Debug|Any CPU
		Release|Any CPU = Release|Any CPU
	EndGlobalSection
	GlobalSection(ProjectConfigurationPlatforms) = postSolution
		{95AE45A1-96C2-4447-A0BB-65C90E63D0AC}.Debug|Any CPU.ActiveCfg = Debug|Any CPU
		{95AE45A1-96C2-4447-A0BB-65C90E63D0AC}.Debug|Any CPU.Build.0 = Debug|Any CPU
		{95AE45A1-96C2-4447-A0BB-65C90E63D0AC}.Release|Any CPU.ActiveCfg = Release|Any CPU
		{95AE45A1-96C2-4447-A0BB-65C90E63D0AC}.Release|Any CPU.Build.0 = Release|Any CPU
		{A88038B0-3A55-4B84-90B2-2163BA20CE96}.Debug|Any CPU.ActiveCfg = Debug|Any CPU
		{A88038B0-3A55-4B84-90B2-2163BA20CE96}.Debug|Any CPU.Build.0 = Debug|Any CPU
		{A88038B0-3A55-4B84-90B2-2163BA20CE96}.Release|Any CPU.ActiveCfg = Release|Any CPU
		{A88038B0-3A55-4B84-90B2-2163BA20CE96}.Release|Any CPU.Build.0 = Release|Any CPU
		{FCB0F099-0C7A-4C36-A836-8B6C88665078}.Debug|Any CPU.ActiveCfg = Debug|Any CPU
		{FCB0F099-0C7A-4C36-A836-8B6C88665078}.Debug|Any CPU.Build.0 = Debug|Any CPU
		{FCB0F099-0C7A-4C36-A836-8B6C88665078}.Release|Any CPU.ActiveCfg = Release|Any CPU
		{FCB0F099-0C7A-4C36-A836-8B6C88665078}.Release|Any CPU.Build.0 = Release|Any CPU
		{C01BCE4F-82CE-48AC-92FA-C3550B553DDE}.Debug|Any CPU.ActiveCfg = Debug|Any CPU
		{C01BCE4F-82CE-48AC-92FA-C3550B553DDE}.Debug|Any CPU.Build.0 = Debug|Any CPU
		{C01BCE4F-82CE-48AC-92FA-C3550B553DDE}.Release|Any CPU.ActiveCfg = Release|Any CPU
		{C01BCE4F-82CE-48AC-92FA-C3550B553DDE}.Release|Any CPU.Build.0 = Release|Any CPU
		{65BB952D-2A4E-4FBE-8DD3-36B55B1014F0}.Debug|Any CPU.ActiveCfg = Debug|Any CPU
		{65BB952D-2A4E-4FBE-8DD3-36B55B1014F0}.Debug|Any CPU.Build.0 = Debug|Any CPU
		{65BB952D-2A4E-4FBE-8DD3-36B55B1014F0}.Release|Any CPU.ActiveCfg = Release|Any CPU
		{65BB952D-2A4E-4FBE-8DD3-36B55B1014F0}.Release|Any CPU.Build.0 = Release|Any CPU
		{58ABC2E3-29AC-41B8-9120-90F4EE1118CA}.Debug|Any CPU.ActiveCfg = Debug|Any CPU
		{58ABC2E3-29AC-41B8-9120-90F4EE1118CA}.Debug|Any CPU.Build.0 = Debug|Any CPU
		{58ABC2E3-29AC-41B8-9120-90F4EE1118CA}.Release|Any CPU.ActiveCfg = Release|Any CPU
		{58ABC2E3-29AC-41B8-9120-90F4EE1118CA}.Release|Any CPU.Build.0 = Release|Any CPU
	EndGlobalSection
	GlobalSection(SolutionProperties) = preSolution
		HideSolutionNode = FALSE
	EndGlobalSection
	GlobalSection(NestedProjects) = preSolution
		{79F3084A-12E5-419F-8439-BA214D2A3AD4} = {F3D90C69-3C0F-4A0A-86EF-1D0C3067CB2D}
		{95AE45A1-96C2-4447-A0BB-65C90E63D0AC} = {3E328788-C6A8-462A-A5AA-28E4137DAD2D}
		{A88038B0-3A55-4B84-90B2-2163BA20CE96} = {154CBE17-FEEA-46B7-943A-7320B8179BB3}
		{FCB0F099-0C7A-4C36-A836-8B6C88665078} = {79F3084A-12E5-419F-8439-BA214D2A3AD4}
		{C01BCE4F-82CE-48AC-92FA-C3550B553DDE} = {78CCE5AA-C856-4BAB-AB9B-EFCDA4ED878C}
		{65BB952D-2A4E-4FBE-8DD3-36B55B1014F0} = {13D05849-FC14-49C9-BCDE-79D5D34202BA}
		{58ABC2E3-29AC-41B8-9120-90F4EE1118CA} = {37FF8191-9B6C-4911-81FF-A47F7DCEB037}
	EndGlobalSection
EndGlobal
